
Microsoft Visual Studio Solution File, Format Version 12.00
# Visual Studio Version 17
VisualStudioVersion = 17.11.35222.181
MinimumVisualStudioVersion = 10.0.40219.1
Project("{FAE04EC0-301F-11D3-BF4B-00C04F79EFBC}") = "02.09-1", "02.09-1\02.09-1.csproj", "{A2EDD10C-9615-4568-BC00-CA840081555D}"
EndProject
Global
	GlobalSection(SolutionConfigurationPlatforms) = preSolution
		Debug|Any CPU = Debug|Any CPU
		Release|Any CPU = Release|Any CPU
	EndGlobalSection
	GlobalSection(ProjectConfigurationPlatforms) = postSolution
		{A2EDD10C-9615-4568-BC00-CA840081555D}.Debug|Any CPU.ActiveCfg = Debug|Any CPU
		{A2EDD10C-9615-4568-BC00-CA840081555D}.Debug|Any CPU.Build.0 = Debug|Any CPU
		{A2EDD10C-9615-4568-BC00-CA840081555D}.Release|Any CPU.ActiveCfg = Release|Any CPU
		{A2EDD10C-9615-4568-BC00-CA840081555D}.Release|Any CPU.Build.0 = Release|Any CPU
	EndGlobalSection
	GlobalSection(SolutionProperties) = preSolution
		HideSolutionNode = FALSE
	EndGlobalSection
	GlobalSection(ExtensibilityGlobals) = postSolution
		SolutionGuid = {32584154-A676-4604-80C1-1E25C072852A}
	EndGlobalSection
EndGlobal
